// !$*UTF8*$!
{
	archiveVersion = 1;
	classes = {
	};
	objectVersion = 46;
	objects = {

/* Begin PBXBuildFile section */
		4F3C96261B68B30000BFCD70 /* main.m in Sources */ = {isa = PBXBuildFile; fileRef = 4F3C96251B68B30000BFCD70 /* main.m */; };
		4F3C96291B68B30000BFCD70 /* AppDelegate.m in Sources */ = {isa = PBXBuildFile; fileRef = 4F3C96281B68B30000BFCD70 /* AppDelegate.m */; };
		4F3C962C1B68B30000BFCD70 /* ViewController.m in Sources */ = {isa = PBXBuildFile; fileRef = 4F3C962B1B68B30000BFCD70 /* ViewController.m */; };
		4F3C962F1B68B30000BFCD70 /* Main.storyboard in Resources */ = {isa = PBXBuildFile; fileRef = 4F3C962D1B68B30000BFCD70 /* Main.storyboard */; };
		4F3C96311B68B30000BFCD70 /* Images.xcassets in Resources */ = {isa = PBXBuildFile; fileRef = 4F3C96301B68B30000BFCD70 /* Images.xcassets */; };
		4F3C96341B68B30000BFCD70 /* LaunchScreen.xib in Resources */ = {isa = PBXBuildFile; fileRef = 4F3C96321B68B30000BFCD70 /* LaunchScreen.xib */; };
		4F3C96401B68B30000BFCD70 /* _50729_ALPHACamp_FinalTestTests.m in Sources */ = {isa = PBXBuildFile; fileRef = 4F3C963F1B68B30000BFCD70 /* _50729_ALPHACamp_FinalTestTests.m */; };
/* End PBXBuildFile section */

/* Begin PBXContainerItemProxy section */
		4F3C963A1B68B30000BFCD70 /* PBXContainerItemProxy */ = {
			isa = PBXContainerItemProxy;
			containerPortal = 4F3C96181B68B30000BFCD70 /* Project object */;
			proxyType = 1;
			remoteGlobalIDString = 4F3C961F1B68B30000BFCD70;
			remoteInfo = 150729_ALPHACamp_FinalTest;
		};
/* End PBXContainerItemProxy section */

/* Begin PBXFileReference section */
		4F3C96201B68B30000BFCD70 /* 150729_ALPHACamp_FinalTest.app */ = {isa = PBXFileReference; explicitFileType = wrapper.application; includeInIndex = 0; path = 150729_ALPHACamp_FinalTest.app; sourceTree = BUILT_PRODUCTS_DIR; };
		4F3C96241B68B30000BFCD70 /* Info.plist */ = {isa = PBXFileReference; lastKnownFileType = text.plist.xml; path = Info.plist; sourceTree = "<group>"; };
		4F3C96251B68B30000BFCD70 /* main.m */ = {isa = PBXFileReference; lastKnownFileType = sourcecode.c.objc; path = main.m; sourceTree = "<group>"; };
		4F3C96271B68B30000BFCD70 /* AppDelegate.h */ = {isa = PBXFileReference; lastKnownFileType = sourcecode.c.h; path = AppDelegate.h; sourceTree = "<group>"; };
		4F3C96281B68B30000BFCD70 /* AppDelegate.m */ = {isa = PBXFileReference; lastKnownFileType = sourcecode.c.objc; path = AppDelegate.m; sourceTree = "<group>"; };
		4F3C962A1B68B30000BFCD70 /* ViewController.h */ = {isa = PBXFileReference; lastKnownFileType = sourcecode.c.h; path = ViewController.h; sourceTree = "<group>"; };
		4F3C962B1B68B30000BFCD70 /* ViewController.m */ = {isa = PBXFileReference; lastKnownFileType = sourcecode.c.objc; path = ViewController.m; sourceTree = "<group>"; };
		4F3C962E1B68B30000BFCD70 /* Base */ = {isa = PBXFileReference; lastKnownFileType = file.storyboard; name = Base; path = Base.lproj/Main.storyboard; sourceTree = "<group>"; };
		4F3C96301B68B30000BFCD70 /* Images.xcassets */ = {isa = PBXFileReference; lastKnownFileType = folder.assetcatalog; path = Images.xcassets; sourceTree = "<group>"; };
		4F3C96331B68B30000BFCD70 /* Base */ = {isa = PBXFileReference; lastKnownFileType = file.xib; name = Base; path = Base.lproj/LaunchScreen.xib; sourceTree = "<group>"; };
		4F3C96391B68B30000BFCD70 /* 150729_ALPHACamp_FinalTestTests.xctest */ = {isa = PBXFileReference; explicitFileType = wrapper.cfbundle; includeInIndex = 0; path = 150729_ALPHACamp_FinalTestTests.xctest; sourceTree = BUILT_PRODUCTS_DIR; };
		4F3C963E1B68B30000BFCD70 /* Info.plist */ = {isa = PBXFileReference; lastKnownFileType = text.plist.xml; path = Info.plist; sourceTree = "<group>"; };
		4F3C963F1B68B30000BFCD70 /* _50729_ALPHACamp_FinalTestTests.m */ = {isa = PBXFileReference; lastKnownFileType = sourcecode.c.objc; path = _50729_ALPHACamp_FinalTestTests.m; sourceTree = "<group>"; };
/* End PBXFileReference section */

/* Begin PBXFrameworksBuildPhase section */
		4F3C961D1B68B30000BFCD70 /* Frameworks */ = {
			isa = PBXFrameworksBuildPhase;
			buildActionMask = 2147483647;
			files = (
			);
			runOnlyForDeploymentPostprocessing = 0;
		};
		4F3C96361B68B30000BFCD70 /* Frameworks */ = {
			isa = PBXFrameworksBuildPhase;
			buildActionMask = 2147483647;
			files = (
			);
			runOnlyForDeploymentPostprocessing = 0;
		};
/* End PBXFrameworksBuildPhase section */

/* Begin PBXGroup section */
		4F3C96171B68B30000BFCD70 = {
			isa = PBXGroup;
			children = (
				4F3C96221B68B30000BFCD70 /* 150729_ALPHACamp_FinalTest */,
				4F3C963C1B68B30000BFCD70 /* 150729_ALPHACamp_FinalTestTests */,
				4F3C96211B68B30000BFCD70 /* Products */,
			);
			sourceTree = "<group>";
		};
		4F3C96211B68B30000BFCD70 /* Products */ = {
			isa = PBXGroup;
			children = (
				4F3C96201B68B30000BFCD70 /* 150729_ALPHACamp_FinalTest.app */,
				4F3C96391B68B30000BFCD70 /* 150729_ALPHACamp_FinalTestTests.xctest */,
			);
			name = Products;
			sourceTree = "<group>";
		};
		4F3C96221B68B30000BFCD70 /* 150729_ALPHACamp_FinalTest */ = {
			isa = PBXGroup;
			children = (
				4F3C96271B68B30000BFCD70 /* AppDelegate.h */,
				4F3C96281B68B30000BFCD70 /* AppDelegate.m */,
				4F3C962A1B68B30000BFCD70 /* ViewController.h */,
				4F3C962B1B68B30000BFCD70 /* ViewController.m */,
				4F3C962D1B68B30000BFCD70 /* Main.storyboard */,
				4F3C96301B68B30000BFCD70 /* Images.xcassets */,
				4F3C96321B68B30000BFCD70 /* LaunchScreen.xib */,
				4F3C96231B68B30000BFCD70 /* Supporting Files */,
			);
			path = 150729_ALPHACamp_FinalTest;
			sourceTree = "<group>";
		};
		4F3C96231B68B30000BFCD70 /* Supporting Files */ = {
			isa = PBXGroup;
			children = (
				4F3C96241B68B30000BFCD70 /* Info.plist */,
				4F3C96251B68B30000BFCD70 /* main.m */,
			);
			name = "Supporting Files";
			sourceTree = "<group>";
		};
		4F3C963C1B68B30000BFCD70 /* 150729_ALPHACamp_FinalTestTests */ = {
			isa = PBXGroup;
			children = (
				4F3C963F1B68B30000BFCD70 /* _50729_ALPHACamp_FinalTestTests.m */,
				4F3C963D1B68B30000BFCD70 /* Supporting Files */,
			);
			path = 150729_ALPHACamp_FinalTestTests;
			sourceTree = "<group>";
		};
		4F3C963D1B68B30000BFCD70 /* Supporting Files */ = {
			isa = PBXGroup;
			children = (
				4F3C963E1B68B30000BFCD70 /* Info.plist */,
			);
			name = "Supporting Files";
			sourceTree = "<group>";
		};
/* End PBXGroup section */

/* Begin PBXNativeTarget section */
		4F3C961F1B68B30000BFCD70 /* 150729_ALPHACamp_FinalTest */ = {
			isa = PBXNativeTarget;
			buildConfigurationList = 4F3C96431B68B30000BFCD70 /* Build configuration list for PBXNativeTarget "150729_ALPHACamp_FinalTest" */;
			buildPhases = (
				4F3C961C1B68B30000BFCD70 /* Sources */,
				4F3C961D1B68B30000BFCD70 /* Frameworks */,
				4F3C961E1B68B30000BFCD70 /* Resources */,
			);
			buildRules = (
			);
			dependencies = (
			);
			name = 150729_ALPHACamp_FinalTest;
			productName = 150729_ALPHACamp_FinalTest;
			productReference = 4F3C96201B68B30000BFCD70 /* 150729_ALPHACamp_FinalTest.app */;
			productType = "com.apple.product-type.application";
		};
		4F3C96381B68B30000BFCD70 /* 150729_ALPHACamp_FinalTestTests */ = {
			isa = PBXNativeTarget;
			buildConfigurationList = 4F3C96461B68B30000BFCD70 /* Build configuration list for PBXNativeTarget "150729_ALPHACamp_FinalTestTests" */;
			buildPhases = (
				4F3C96351B68B30000BFCD70 /* Sources */,
				4F3C96361B68B30000BFCD70 /* Frameworks */,
				4F3C96371B68B30000BFCD70 /* Resources */,
			);
			buildRules = (
			);
			dependencies = (
				4F3C963B1B68B30000BFCD70 /* PBXTargetDependency */,
			);
			name = 150729_ALPHACamp_FinalTestTests;
			productName = 150729_ALPHACamp_FinalTestTests;
			productReference = 4F3C96391B68B30000BFCD70 /* 150729_ALPHACamp_FinalTestTests.xctest */;
			productType = "com.apple.product-type.bundle.unit-test";
		};
/* End PBXNativeTarget section */

/* Begin PBXProject section */
		4F3C96181B68B30000BFCD70 /* Project object */ = {
			isa = PBXProject;
			attributes = {
				LastUpgradeCheck = 0630;
				ORGANIZATIONNAME = Sean;
				TargetAttributes = {
					4F3C961F1B68B30000BFCD70 = {
						CreatedOnToolsVersion = 6.3.2;
					};
					4F3C96381B68B30000BFCD70 = {
						CreatedOnToolsVersion = 6.3.2;
						TestTargetID = 4F3C961F1B68B30000BFCD70;
					};
				};
			};
			buildConfigurationList = 4F3C961B1B68B30000BFCD70 /* Build configuration list for PBXProject "150729_ALPHACamp_FinalTest" */;
			compatibilityVersion = "Xcode 3.2";
			developmentRegion = English;
			hasScannedForEncodings = 0;
			knownRegions = (
				en,
				Base,
			);
			mainGroup = 4F3C96171B68B30000BFCD70;
			productRefGroup = 4F3C96211B68B30000BFCD70 /* Products */;
			projectDirPath = "";
			projectRoot = "";
			targets = (
				4F3C961F1B68B30000BFCD70 /* 150729_ALPHACamp_FinalTest */,
				4F3C96381B68B30000BFCD70 /* 150729_ALPHACamp_FinalTestTests */,
			);
		};
/* End PBXProject section */

/* Begin PBXResourcesBuildPhase section */
		4F3C961E1B68B30000BFCD70 /* Resources */ = {
			isa = PBXResourcesBuildPhase;
			buildActionMask = 2147483647;
			files = (
				4F3C962F1B68B30000BFCD70 /* Main.storyboard in Resources */,
				4F3C96341B68B30000BFCD70 /* LaunchScreen.xib in Resources */,
				4F3C96311B68B30000BFCD70 /* Images.xcassets in Resources */,
			);
			runOnlyForDeploymentPostprocessing = 0;
		};
		4F3C96371B68B30000BFCD70 /* Resources */ = {
			isa = PBXResourcesBuildPhase;
			buildActionMask = 2147483647;
			files = (
			);
			runOnlyForDeploymentPostprocessing = 0;
		};
/* End PBXResourcesBuildPhase section */

/* Begin PBXSourcesBuildPhase section */
		4F3C961C1B68B30000BFCD70 /* Sources */ = {
			isa = PBXSourcesBuildPhase;
			buildActionMask = 2147483647;
			files = (
				4F3C962C1B68B30000BFCD70 /* ViewController.m in Sources */,
				4F3C96291B68B30000BFCD70 /* AppDelegate.m in Sources */,
				4F3C96261B68B30000BFCD70 /* main.m in Sources */,
			);
			runOnlyForDeploymentPostprocessing = 0;
		};
		4F3C96351B68B30000BFCD70 /* Sources */ = {
			isa = PBXSourcesBuildPhase;
			buildActionMask = 2147483647;
			files = (
				4F3C96401B68B30000BFCD70 /* _50729_ALPHACamp_FinalTestTests.m in Sources */,
			);
			runOnlyForDeploymentPostprocessing = 0;
		};
/* End PBXSourcesBuildPhase section */

/* Begin PBXTargetDependency section */
		4F3C963B1B68B30000BFCD70 /* PBXTargetDependency */ = {
			isa = PBXTargetDependency;
			target = 4F3C961F1B68B30000BFCD70 /* 150729_ALPHACamp_FinalTest */;
			targetProxy = 4F3C963A1B68B30000BFCD70 /* PBXContainerItemProxy */;
		};
/* End PBXTargetDependency section */

/* Begin PBXVariantGroup section */
		4F3C962D1B68B30000BFCD70 /* Main.storyboard */ = {
			isa = PBXVariantGroup;
			children = (
				4F3C962E1B68B30000BFCD70 /* Base */,
			);
			name = Main.storyboard;
			sourceTree = "<group>";
		};
		4F3C96321B68B30000BFCD70 /* LaunchScreen.xib */ = {
			isa = PBXVariantGroup;
			children = (
				4F3C96331B68B30000BFCD70 /* Base */,
			);
			name = LaunchScreen.xib;
			sourceTree = "<group>";
		};
/* End PBXVariantGroup section */

/* Begin XCBuildConfiguration section */
		4F3C96411B68B30000BFCD70 /* Debug */ = {
			isa = XCBuildConfiguration;
			buildSettings = {
				ALWAYS_SEARCH_USER_PATHS = NO;
				CLANG_CXX_LANGUAGE_STANDARD = "gnu++0x";
				CLANG_CXX_LIBRARY = "libc++";
				CLANG_ENABLE_MODULES = YES;
				CLANG_ENABLE_OBJC_ARC = YES;
				CLANG_WARN_BOOL_CONVERSION = YES;
				CLANG_WARN_CONSTANT_CONVERSION = YES;
				CLANG_WARN_DIRECT_OBJC_ISA_USAGE = YES_ERROR;
				CLANG_WARN_EMPTY_BODY = YES;
				CLANG_WARN_ENUM_CONVERSION = YES;
				CLANG_WARN_INT_CONVERSION = YES;
				CLANG_WARN_OBJC_ROOT_CLASS = YES_ERROR;
				CLANG_WARN_UNREACHABLE_CODE = YES;
				CLANG_WARN__DUPLICATE_METHOD_MATCH = YES;
				"CODE_SIGN_IDENTITY[sdk=iphoneos*]" = "iPhone Developer";
				COPY_PHASE_STRIP = NO;
				DEBUG_INFORMATION_FORMAT = "dwarf-with-dsym";
				ENABLE_STRICT_OBJC_MSGSEND = YES;
				GCC_C_LANGUAGE_STANDARD = gnu99;
				GCC_DYNAMIC_NO_PIC = NO;
				GCC_NO_COMMON_BLOCKS = YES;
				GCC_OPTIMIZATION_LEVEL = 0;
				GCC_PREPROCESSOR_DEFINITIONS = (
					"DEBUG=1",
					"$(inherited)",
				);
				GCC_SYMBOLS_PRIVATE_EXTERN = NO;
				GCC_WARN_64_TO_32_BIT_CONVERSION = YES;
				GCC_WARN_ABOUT_RETURN_TYPE = YES_ERROR;
				GCC_WARN_UNDECLARED_SELECTOR = YES;
				GCC_WARN_UNINITIALIZED_AUTOS = YES_AGGRESSIVE;
				GCC_WARN_UNUSED_FUNCTION = YES;
				GCC_WARN_UNUSED_VARIABLE = YES;
				IPHONEOS_DEPLOYMENT_TARGET = 8.3;
				MTL_ENABLE_DEBUG_INFO = YES;
				ONLY_ACTIVE_ARCH = YES;
				SDKROOT = iphoneos;
				TARGETED_DEVICE_FAMILY = "1,2";
			};
			name = Debug;
		};
		4F3C96421B68B30000BFCD70 /* Release */ = {
			isa = XCBuildConfiguration;
			buildSettings = {
				ALWAYS_SEARCH_USER_PATHS = NO;
				CLANG_CXX_LANGUAGE_STANDARD = "gnu++0x";
				CLANG_CXX_LIBRARY = "libc++";
				CLANG_ENABLE_MODULES = YES;
				CLANG_ENABLE_OBJC_ARC = YES;
				CLANG_WARN_BOOL_CONVERSION = YES;
				CLANG_WARN_CONSTANT_CONVERSION = YES;
				CLANG_WARN_DIRECT_OBJC_ISA_USAGE = YES_ERROR;
				CLANG_WARN_EMPTY_BODY = YES;
				CLANG_WARN_ENUM_CONVERSION = YES;
				CLANG_WARN_INT_CONVERSION = YES;
				CLANG_WARN_OBJC_ROOT_CLASS = YES_ERROR;
				CLANG_WARN_UNREACHABLE_CODE = YES;
				CLANG_WARN__DUPLICATE_METHOD_MATCH = YES;
				"CODE_SIGN_IDENTITY[sdk=iphoneos*]" = "iPhone Developer";
				COPY_PHASE_STRIP = NO;
				DEBUG_INFORMATION_FORMAT = "dwarf-with-dsym";
				ENABLE_NS_ASSERTIONS = NO;
				ENABLE_STRICT_OBJC_MSGSEND = YES;
				GCC_C_LANGUAGE_STANDARD = gnu99;
				GCC_NO_COMMON_BLOCKS = YES;
				GCC_WARN_64_TO_32_BIT_CONVERSION = YES;
				GCC_WARN_ABOUT_RETURN_TYPE = YES_ERROR;
				GCC_WARN_UNDECLARED_SELECTOR = YES;
				GCC_WARN_UNINITIALIZED_AUTOS = YES_AGGRESSIVE;
				GCC_WARN_UNUSED_FUNCTION = YES;
				GCC_WARN_UNUSED_VARIABLE = YES;
				IPHONEOS_DEPLOYMENT_TARGET = 8.3;
				MTL_ENABLE_DEBUG_INFO = NO;
				SDKROOT = iphoneos;
				TARGETED_DEVICE_FAMILY = "1,2";
				VALIDATE_PRODUCT = YES;
			};
			name = Release;
		};
		4F3C96441B68B30000BFCD70 /* Debug */ = {
			isa = XCBuildConfiguration;
			buildSettings = {
				ASSETCATALOG_COMPILER_APPICON_NAME = AppIcon;
				INFOPLIST_FILE = 150729_ALPHACamp_FinalTest/Info.plist;
				LD_RUNPATH_SEARCH_PATHS = "$(inherited) @executable_path/Frameworks";
				PRODUCT_NAME = "$(TARGET_NAME)";
			};
			name = Debug;
		};
		4F3C96451B68B30000BFCD70 /* Release */ = {
			isa = XCBuildConfiguration;
			buildSettings = {
				ASSETCATALOG_COMPILER_APPICON_NAME = AppIcon;
				INFOPLIST_FILE = 150729_ALPHACamp_FinalTest/Info.plist;
				LD_RUNPATH_SEARCH_PATHS = "$(inherited) @executable_path/Frameworks";
				PRODUCT_NAME = "$(TARGET_NAME)";
			};
			name = Release;
		};
		4F3C96471B68B30000BFCD70 /* Debug */ = {
			isa = XCBuildConfiguration;
			buildSettings = {
				BUNDLE_LOADER = "$(TEST_HOST)";
				FRAMEWORK_SEARCH_PATHS = (
					"$(SDKROOT)/Developer/Library/Frameworks",
					"$(inherited)",
				);
				GCC_PREPROCESSOR_DEFINITIONS = (
					"DEBUG=1",
					"$(inherited)",
				);
				INFOPLIST_FILE = 150729_ALPHACamp_FinalTestTests/Info.plist;
				LD_RUNPATH_SEARCH_PATHS = "$(inherited) @executable_path/Frameworks @loader_path/Frameworks";
				PRODUCT_NAME = "$(TARGET_NAME)";
				TEST_HOST = "$(BUILT_PRODUCTS_DIR)/150729_ALPHACamp_FinalTest.app/150729_ALPHACamp_FinalTest";
			};
			name = Debug;
		};
		4F3C96481B68B30000BFCD70 /* Release */ = {
			isa = XCBuildConfiguration;
			buildSettings = {
				BUNDLE_LOADER = "$(TEST_HOST)";
				FRAMEWORK_SEARCH_PATHS = (
					"$(SDKROOT)/Developer/Library/Frameworks",
					"$(inherited)",
				);
				INFOPLIST_FILE = 150729_ALPHACamp_FinalTestTests/Info.plist;
				LD_RUNPATH_SEARCH_PATHS = "$(inherited) @executable_path/Frameworks @loader_path/Frameworks";
				PRODUCT_NAME = "$(TARGET_NAME)";
				TEST_HOST = "$(BUILT_PRODUCTS_DIR)/150729_ALPHACamp_FinalTest.app/150729_ALPHACamp_FinalTest";
			};
			name = Release;
		};
/* End XCBuildConfiguration section */

/* Begin XCConfigurationList section */
		4F3C961B1B68B30000BFCD70 /* Build configuration list for PBXProject "150729_ALPHACamp_FinalTest" */ = {
			isa = XCConfigurationList;
			buildConfigurations = (
				4F3C96411B68B30000BFCD70 /* Debug */,
				4F3C96421B68B30000BFCD70 /* Release */,
			);
			defaultConfigurationIsVisible = 0;
			defaultConfigurationName = Release;
		};
		4F3C96431B68B30000BFCD70 /* Build configuration list for PBXNativeTarget "150729_ALPHACamp_FinalTest" */ = {
			isa = XCConfigurationList;
			buildConfigurations = (
				4F3C96441B68B30000BFCD70 /* Debug */,
				4F3C96451B68B30000BFCD70 /* Release */,
			);
			defaultConfigurationIsVisible = 0;
		};
		4F3C96461B68B30000BFCD70 /* Build configuration list for PBXNativeTarget "150729_ALPHACamp_FinalTestTests" */ = {
			isa = XCConfigurationList;
			buildConfigurations = (
				4F3C96471B68B30000BFCD70 /* Debug */,
				4F3C96481B68B30000BFCD70 /* Release */,
			);
			defaultConfigurationIsVisible = 0;
		};
/* End XCConfigurationList section */
	};
	rootObject = 4F3C96181B68B30000BFCD70 /* Project object */;
}
